// !$*UTF8*$!
{
	archiveVersion = 1;
	classes = {
	};
	objectVersion = 50;
	objects = {

/* Begin PBXBuildFile section */
		01119B342132FE5900815402 /* AppDelegate.swift in Sources */ = {isa = PBXBuildFile; fileRef = 01119B332132FE5900815402 /* AppDelegate.swift */; };
		01119B362132FE5900815402 /* ViewController.swift in Sources */ = {isa = PBXBuildFile; fileRef = 01119B352132FE5900815402 /* ViewController.swift */; };
		01119B392132FE5900815402 /* Main.storyboard in Resources */ = {isa = PBXBuildFile; fileRef = 01119B372132FE5900815402 /* Main.storyboard */; };
		01119B3B2132FE5B00815402 /* Assets.xcassets in Resources */ = {isa = PBXBuildFile; fileRef = 01119B3A2132FE5B00815402 /* Assets.xcassets */; };
		01119B3E2132FE5B00815402 /* LaunchScreen.storyboard in Resources */ = {isa = PBXBuildFile; fileRef = 01119B3C2132FE5B00815402 /* LaunchScreen.storyboard */; };
		01119B472132FFC700815402 /* DynamicFont.swift in Sources */ = {isa = PBXBuildFile; fileRef = 01119B452132FFC700815402 /* DynamicFont.swift */; };
		01119B482132FFC700815402 /* DynamicAttributedString.swift in Sources */ = {isa = PBXBuildFile; fileRef = 01119B462132FFC700815402 /* DynamicAttributedString.swift */; };
		01119B4B2132FFDF00815402 /* Optima.plist in Resources */ = {isa = PBXBuildFile; fileRef = 01119B492132FFDF00815402 /* Optima.plist */; };
		01119B4C2132FFDF00815402 /* Lincoln.rtf in Resources */ = {isa = PBXBuildFile; fileRef = 01119B4A2132FFDF00815402 /* Lincoln.rtf */; };
/* End PBXBuildFile section */

/* Begin PBXFileReference section */
		01119B302132FE5900815402 /* DynamicCustomFont.app */ = {isa = PBXFileReference; explicitFileType = wrapper.application; includeInIndex = 0; path = DynamicCustomFont.app; sourceTree = BUILT_PRODUCTS_DIR; };
		01119B332132FE5900815402 /* AppDelegate.swift */ = {isa = PBXFileReference; lastKnownFileType = sourcecode.swift; path = AppDelegate.swift; sourceTree = "<group>"; };
		01119B352132FE5900815402 /* ViewController.swift */ = {isa = PBXFileReference; lastKnownFileType = sourcecode.swift; path = ViewController.swift; sourceTree = "<group>"; };
		01119B382132FE5900815402 /* Base */ = {isa = PBXFileReference; lastKnownFileType = file.storyboard; name = Base; path = Base.lproj/Main.storyboard; sourceTree = "<group>"; };
		01119B3A2132FE5B00815402 /* Assets.xcassets */ = {isa = PBXFileReference; lastKnownFileType = folder.assetcatalog; path = Assets.xcassets; sourceTree = "<group>"; };
		01119B3D2132FE5B00815402 /* Base */ = {isa = PBXFileReference; lastKnownFileType = file.storyboard; name = Base; path = Base.lproj/LaunchScreen.storyboard; sourceTree = "<group>"; };
		01119B3F2132FE5B00815402 /* Info.plist */ = {isa = PBXFileReference; lastKnownFileType = text.plist.xml; path = Info.plist; sourceTree = "<group>"; };
		01119B452132FFC700815402 /* DynamicFont.swift */ = {isa = PBXFileReference; fileEncoding = 4; lastKnownFileType = sourcecode.swift; path = DynamicFont.swift; sourceTree = SOURCE_ROOT; };
		01119B462132FFC700815402 /* DynamicAttributedString.swift */ = {isa = PBXFileReference; fileEncoding = 4; lastKnownFileType = sourcecode.swift; path = DynamicAttributedString.swift; sourceTree = SOURCE_ROOT; };
		01119B492132FFDF00815402 /* Optima.plist */ = {isa = PBXFileReference; fileEncoding = 4; lastKnownFileType = text.plist.xml; path = Optima.plist; sourceTree = "<group>"; };
		01119B4A2132FFDF00815402 /* Lincoln.rtf */ = {isa = PBXFileReference; fileEncoding = 4; lastKnownFileType = text.rtf; path = Lincoln.rtf; sourceTree = "<group>"; };
/* End PBXFileReference section */

/* Begin PBXFrameworksBuildPhase section */
		01119B2D2132FE5900815402 /* Frameworks */ = {
			isa = PBXFrameworksBuildPhase;
			buildActionMask = 2147483647;
			files = (
			);
			runOnlyForDeploymentPostprocessing = 0;
		};
/* End PBXFrameworksBuildPhase section */

/* Begin PBXGroup section */
		01119B272132FE5900815402 = {
			isa = PBXGroup;
			children = (
				01119B322132FE5900815402 /* DynamicCustomFont */,
				01119B312132FE5900815402 /* Products */,
			);
			sourceTree = "<group>";
		};
		01119B312132FE5900815402 /* Products */ = {
			isa = PBXGroup;
			children = (
				01119B302132FE5900815402 /* DynamicCustomFont.app */,
			);
			name = Products;
			sourceTree = "<group>";
		};
		01119B322132FE5900815402 /* DynamicCustomFont */ = {
			isa = PBXGroup;
			children = (
				01119B3F2132FE5B00815402 /* Info.plist */,
				01119B492132FFDF00815402 /* Optima.plist */,
				01119B4A2132FFDF00815402 /* Lincoln.rtf */,
				01119B332132FE5900815402 /* AppDelegate.swift */,
				01119B462132FFC700815402 /* DynamicAttributedString.swift */,
				01119B452132FFC700815402 /* DynamicFont.swift */,
				01119B352132FE5900815402 /* ViewController.swift */,
				01119B3A2132FE5B00815402 /* Assets.xcassets */,
				01119B3C2132FE5B00815402 /* LaunchScreen.storyboard */,
				01119B372132FE5900815402 /* Main.storyboard */,
			);
			path = DynamicCustomFont;
			sourceTree = "<group>";
		};
/* End PBXGroup section */

/* Begin PBXNativeTarget section */
		01119B2F2132FE5900815402 /* DynamicCustomFont */ = {
			isa = PBXNativeTarget;
			buildConfigurationList = 01119B422132FE5B00815402 /* Build configuration list for PBXNativeTarget "DynamicCustomFont" */;
			buildPhases = (
				01119B2C2132FE5900815402 /* Sources */,
				01119B2D2132FE5900815402 /* Frameworks */,
				01119B2E2132FE5900815402 /* Resources */,
			);
			buildRules = (
			);
			dependencies = (
			);
			name = DynamicCustomFont;
			productName = DynamicCustomFont;
			productReference = 01119B302132FE5900815402 /* DynamicCustomFont.app */;
			productType = "com.apple.product-type.application";
		};
/* End PBXNativeTarget section */

/* Begin PBXProject section */
		01119B282132FE5900815402 /* Project object */ = {
			isa = PBXProject;
			attributes = {
				LastSwiftUpdateCheck = 1000;
				LastUpgradeCheck = 1000;
				ORGANIZATIONNAME = "Purgatory Design";
				TargetAttributes = {
					01119B2F2132FE5900815402 = {
						CreatedOnToolsVersion = 10.0;
					};
				};
			};
			buildConfigurationList = 01119B2B2132FE5900815402 /* Build configuration list for PBXProject "DynamicCustomFont" */;
			compatibilityVersion = "Xcode 9.3";
			developmentRegion = en;
			hasScannedForEncodings = 0;
			knownRegions = (
				en,
				Base,
			);
			mainGroup = 01119B272132FE5900815402;
			productRefGroup = 01119B312132FE5900815402 /* Products */;
			projectDirPath = "";
			projectRoot = "";
			targets = (
				01119B2F2132FE5900815402 /* DynamicCustomFont */,
			);
		};
/* End PBXProject section */

/* Begin PBXResourcesBuildPhase section */
		01119B2E2132FE5900815402 /* Resources */ = {
			isa = PBXResourcesBuildPhase;
			buildActionMask = 2147483647;
			files = (
				01119B4B2132FFDF00815402 /* Optima.plist in Resources */,
				01119B3E2132FE5B00815402 /* LaunchScreen.storyboard in Resources */,
				01119B3B2132FE5B00815402 /* Assets.xcassets in Resources */,
				01119B4C2132FFDF00815402 /* Lincoln.rtf in Resources */,
				01119B392132FE5900815402 /* Main.storyboard in Resources */,
			);
			runOnlyForDeploymentPostprocessing = 0;
		};
/* End PBXResourcesBuildPhase section */

/* Begin PBXSourcesBuildPhase section */
		01119B2C2132FE5900815402 /* Sources */ = {
			isa = PBXSourcesBuildPhase;
			buildActionMask = 2147483647;
			files = (
				01119B482132FFC700815402 /* DynamicAttributedString.swift in Sources */,
				01119B362132FE5900815402 /* ViewController.swift in Sources */,
				01119B472132FFC700815402 /* DynamicFont.swift in Sources */,
				01119B342132FE5900815402 /* AppDelegate.swift in Sources */,
			);
			runOnlyForDeploymentPostprocessing = 0;
		};
/* End PBXSourcesBuildPhase section */

/* Begin PBXVariantGroup section */
		01119B372132FE5900815402 /* Main.storyboard */ = {
			isa = PBXVariantGroup;
			children = (
				01119B382132FE5900815402 /* Base */,
			);
			name = Main.storyboard;
			sourceTree = "<group>";
		};
		01119B3C2132FE5B00815402 /* LaunchScreen.storyboard */ = {
			isa = PBXVariantGroup;
			children = (
				01119B3D2132FE5B00815402 /* Base */,
			);
			name = LaunchScreen.storyboard;
			sourceTree = "<group>";
		};
/* End PBXVariantGroup section */

/* Begin XCBuildConfiguration section */
		01119B402132FE5B00815402 /* Debug */ = {
			isa = XCBuildConfiguration;
			buildSettings = {
				ALWAYS_SEARCH_USER_PATHS = NO;
				CLANG_ANALYZER_NONNULL = YES;
				CLANG_ANALYZER_NUMBER_OBJECT_CONVERSION = YES_AGGRESSIVE;
				CLANG_CXX_LANGUAGE_STANDARD = "gnu++14";
				CLANG_CXX_LIBRARY = "libc++";
				CLANG_ENABLE_MODULES = YES;
				CLANG_ENABLE_OBJC_ARC = YES;
				CLANG_ENABLE_OBJC_WEAK = YES;
				CLANG_WARN_BLOCK_CAPTURE_AUTORELEASING = YES;
				CLANG_WARN_BOOL_CONVERSION = YES;
				CLANG_WARN_COMMA = YES;
				CLANG_WARN_CONSTANT_CONVERSION = YES;
				CLANG_WARN_DEPRECATED_OBJC_IMPLEMENTATIONS = YES;
				CLANG_WARN_DIRECT_OBJC_ISA_USAGE = YES_ERROR;
				CLANG_WARN_DOCUMENTATION_COMMENTS = YES;
				CLANG_WARN_EMPTY_BODY = YES;
				CLANG_WARN_ENUM_CONVERSION = YES;
				CLANG_WARN_INFINITE_RECURSION = YES;
				CLANG_WARN_INT_CONVERSION = YES;
				CLANG_WARN_NON_LITERAL_NULL_CONVERSION = YES;
				CLANG_WARN_OBJC_IMPLICIT_RETAIN_SELF = YES;
				CLANG_WARN_OBJC_LITERAL_CONVERSION = YES;
				CLANG_WARN_OBJC_ROOT_CLASS = YES_ERROR;
				CLANG_WARN_RANGE_LOOP_ANALYSIS = YES;
				CLANG_WARN_STRICT_PROTOTYPES = YES;
				CLANG_WARN_SUSPICIOUS_MOVE = YES;
				CLANG_WARN_UNGUARDED_AVAILABILITY = YES_AGGRESSIVE;
				CLANG_WARN_UNREACHABLE_CODE = YES;
				CLANG_WARN__DUPLICATE_METHOD_MATCH = YES;
				CODE_SIGN_IDENTITY = "iPhone Developer";
				COPY_PHASE_STRIP = NO;
				DEBUG_INFORMATION_FORMAT = dwarf;
				ENABLE_STRICT_OBJC_MSGSEND = YES;
				ENABLE_TESTABILITY = YES;
				GCC_C_LANGUAGE_STANDARD = gnu11;
				GCC_DYNAMIC_NO_PIC = NO;
				GCC_NO_COMMON_BLOCKS = YES;
				GCC_OPTIMIZATION_LEVEL = 0;
				GCC_PREPROCESSOR_DEFINITIONS = (
					"DEBUG=1",
					"$(inherited)",
				);
				GCC_WARN_64_TO_32_BIT_CONVERSION = YES;
				GCC_WARN_ABOUT_RETURN_TYPE = YES_ERROR;
				GCC_WARN_UNDECLARED_SELECTOR = YES;
				GCC_WARN_UNINITIALIZED_AUTOS = YES_AGGRESSIVE;
				GCC_WARN_UNUSED_FUNCTION = YES;
				GCC_WARN_UNUSED_VARIABLE = YES;
				IPHONEOS_DEPLOYMENT_TARGET = 12.0;
				MTL_ENABLE_DEBUG_INFO = INCLUDE_SOURCE;
				MTL_FAST_MATH = YES;
				ONLY_ACTIVE_ARCH = YES;
				SDKROOT = iphoneos;
				SWIFT_ACTIVE_COMPILATION_CONDITIONS = DEBUG;
				SWIFT_OPTIMIZATION_LEVEL = "-Onone";
			};
			name = Debug;
		};
		01119B412132FE5B00815402 /* Release */ = {
			isa = XCBuildConfiguration;
			buildSettings = {
				ALWAYS_SEARCH_USER_PATHS = NO;
				CLANG_ANALYZER_NONNULL = YES;
				CLANG_ANALYZER_NUMBER_OBJECT_CONVERSION = YES_AGGRESSIVE;
				CLANG_CXX_LANGUAGE_STANDARD = "gnu++14";
				CLANG_CXX_LIBRARY = "libc++";
				CLANG_ENABLE_MODULES = YES;
				CLANG_ENABLE_OBJC_ARC = YES;
				CLANG_ENABLE_OBJC_WEAK = YES;
				CLANG_WARN_BLOCK_CAPTURE_AUTORELEASING = YES;
				CLANG_WARN_BOOL_CONVERSION = YES;
				CLANG_WARN_COMMA = YES;
				CLANG_WARN_CONSTANT_CONVERSION = YES;
				CLANG_WARN_DEPRECATED_OBJC_IMPLEMENTATIONS = YES;
				CLANG_WARN_DIRECT_OBJC_ISA_USAGE = YES_ERROR;
				CLANG_WARN_DOCUMENTATION_COMMENTS = YES;
				CLANG_WARN_EMPTY_BODY = YES;
				CLANG_WARN_ENUM_CONVERSION = YES;
				CLANG_WARN_INFINITE_RECURSION = YES;
				CLANG_WARN_INT_CONVERSION = YES;
				CLANG_WARN_NON_LITERAL_NULL_CONVERSION = YES;
				CLANG_WARN_OBJC_IMPLICIT_RETAIN_SELF = YES;
				CLANG_WARN_OBJC_LITERAL_CONVERSION = YES;
				CLANG_WARN_OBJC_ROOT_CLASS = YES_ERROR;
				CLANG_WARN_RANGE_LOOP_ANALYSIS = YES;
				CLANG_WARN_STRICT_PROTOTYPES = YES;
				CLANG_WARN_SUSPICIOUS_MOVE = YES;
				CLANG_WARN_UNGUARDED_AVAILABILITY = YES_AGGRESSIVE;
				CLANG_WARN_UNREACHABLE_CODE = YES;
				CLANG_WARN__DUPLICATE_METHOD_MATCH = YES;
				CODE_SIGN_IDENTITY = "iPhone Developer";
				COPY_PHASE_STRIP = NO;
				DEBUG_INFORMATION_FORMAT = "dwarf-with-dsym";
				ENABLE_NS_ASSERTIONS = NO;
				ENABLE_STRICT_OBJC_MSGSEND = YES;
				GCC_C_LANGUAGE_STANDARD = gnu11;
				GCC_NO_COMMON_BLOCKS = YES;
				GCC_WARN_64_TO_32_BIT_CONVERSION = YES;
				GCC_WARN_ABOUT_RETURN_TYPE = YES_ERROR;
				GCC_WARN_UNDECLARED_SELECTOR = YES;
				GCC_WARN_UNINITIALIZED_AUTOS = YES_AGGRESSIVE;
				GCC_WARN_UNUSED_FUNCTION = YES;
				GCC_WARN_UNUSED_VARIABLE = YES;
				IPHONEOS_DEPLOYMENT_TARGET = 12.0;
				MTL_ENABLE_DEBUG_INFO = NO;
				MTL_FAST_MATH = YES;
				SDKROOT = iphoneos;
				SWIFT_COMPILATION_MODE = wholemodule;
				SWIFT_OPTIMIZATION_LEVEL = "-O";
				VALIDATE_PRODUCT = YES;
			};
			name = Release;
		};
		01119B432132FE5B00815402 /* Debug */ = {
			isa = XCBuildConfiguration;
			buildSettings = {
				ASSETCATALOG_COMPILER_APPICON_NAME = AppIcon;
				CODE_SIGN_STYLE = Automatic;
				DEVELOPMENT_TEAM = "";
				INFOPLIST_FILE = DynamicCustomFont/Info.plist;
				LD_RUNPATH_SEARCH_PATHS = (
					"$(inherited)",
					"@executable_path/Frameworks",
				);
				PRODUCT_BUNDLE_IDENTIFIER = com.PurgatoryDesign.DynamicCustomFont;
				PRODUCT_NAME = "$(TARGET_NAME)";
				SWIFT_VERSION = 4.0;
				TARGETED_DEVICE_FAMILY = "1,2";
			};
			name = Debug;
		};
		01119B442132FE5B00815402 /* Release */ = {
			isa = XCBuildConfiguration;
			buildSettings = {
				ASSETCATALOG_COMPILER_APPICON_NAME = AppIcon;
				CODE_SIGN_STYLE = Automatic;
				DEVELOPMENT_TEAM = "";
				INFOPLIST_FILE = DynamicCustomFont/Info.plist;
				LD_RUNPATH_SEARCH_PATHS = (
					"$(inherited)",
					"@executable_path/Frameworks",
				);
				PRODUCT_BUNDLE_IDENTIFIER = com.PurgatoryDesign.DynamicCustomFont;
				PRODUCT_NAME = "$(TARGET_NAME)";
				SWIFT_VERSION = 4.0;
				TARGETED_DEVICE_FAMILY = "1,2";
			};
			name = Release;
		};
/* End XCBuildConfiguration section */

/* Begin XCConfigurationList section */
		01119B2B2132FE5900815402 /* Build configuration list for PBXProject "DynamicCustomFont" */ = {
			isa = XCConfigurationList;
			buildConfigurations = (
				01119B402132FE5B00815402 /* Debug */,
				01119B412132FE5B00815402 /* Release */,
			);
			defaultConfigurationIsVisible = 0;
			defaultConfigurationName = Release;
		};
		01119B422132FE5B00815402 /* Build configuration list for PBXNativeTarget "DynamicCustomFont" */ = {
			isa = XCConfigurationList;
			buildConfigurations = (
				01119B432132FE5B00815402 /* Debug */,
				01119B442132FE5B00815402 /* Release */,
			);
			defaultConfigurationIsVisible = 0;
			defaultConfigurationName = Release;
		};
/* End XCConfigurationList section */
	};
	rootObject = 01119B282132FE5900815402 /* Project object */;
}
